{
  "originHash" : "2423710b0f362c0d4a589156f216cc27eb5719080be6633ba045051fe1126953",
  "pins" : [
    {
      "identity" : "gpuimage3",
      "kind" : "remoteSourceControl",
      "location" : "https://github.com/bradlarson/gpuimage3",
      "state" : {
        "branch" : "main",
        "revision" : "84466fc344e1220238c1c07e94e91207caaabe51"
      }
    },
    {
      "identity" : "wheelslider",
      "kind" : "remoteSourceControl",
      "location" : "https://github.com/nozhana/wheelslider",
      "state" : {
        "branch" : "main",
        "revision" : "b97c6df5facfac979e0e671361b9b27ec1d554c5"
      }
    }
  ],
  "version" : 3
}
